// !$*UTF8*$!
{
	archiveVersion = 1;
	classes = {
	};
	objectVersion = 56;
	objects = {

/* Begin PBXBuildFile section */
		A86814042C8DB54600931A9D /* AirBnBApp.swift in Sources */ = {isa = PBXBuildFile; fileRef = A86814032C8DB54600931A9D /* AirBnBApp.swift */; };
		A86814062C8DB54600931A9D /* MainTabView.swift in Sources */ = {isa = PBXBuildFile; fileRef = A86814052C8DB54600931A9D /* MainTabView.swift */; };
		A86814082C8DB54700931A9D /* Assets.xcassets in Resources */ = {isa = PBXBuildFile; fileRef = A86814072C8DB54700931A9D /* Assets.xcassets */; };
		A868140B2C8DB54700931A9D /* Preview Assets.xcassets in Resources */ = {isa = PBXBuildFile; fileRef = A868140A2C8DB54700931A9D /* Preview Assets.xcassets */; };
		A8833B6F2C90C63900AC7101 /* GoogleService-Info.plist in Resources */ = {isa = PBXBuildFile; fileRef = A8833B6E2C90C63900AC7101 /* GoogleService-Info.plist */; };
		A8833B722C90C71F00AC7101 /* FirebaseAuth in Frameworks */ = {isa = PBXBuildFile; productRef = A8833B712C90C71F00AC7101 /* FirebaseAuth */; };
		A8833B742C90C90600AC7101 /* UsersModel.swift in Sources */ = {isa = PBXBuildFile; fileRef = A8833B732C90C90600AC7101 /* UsersModel.swift */; };
		A8833B7A2C90CA1100AC7101 /* ProfileView.swift in Sources */ = {isa = PBXBuildFile; fileRef = A8833B792C90CA1100AC7101 /* ProfileView.swift */; };
		A8833B7C2C90CEC700AC7101 /* AuthViewModel.swift in Sources */ = {isa = PBXBuildFile; fileRef = A8833B7B2C90CEC700AC7101 /* AuthViewModel.swift */; };
		A8833B7E2C90DA4C00AC7101 /* LoginView.swift in Sources */ = {isa = PBXBuildFile; fileRef = A8833B7D2C90DA4C00AC7101 /* LoginView.swift */; };
		A8833B802C90DA5400AC7101 /* SignUpView.swift in Sources */ = {isa = PBXBuildFile; fileRef = A8833B7F2C90DA5400AC7101 /* SignUpView.swift */; };
		A89B45F92C8DB8C100250052 /* ListingsModel.swift in Sources */ = {isa = PBXBuildFile; fileRef = A89B45F82C8DB8C100250052 /* ListingsModel.swift */; };
		A89B45FB2C8DCEA000250052 /* DeveloperPreview.swift in Sources */ = {isa = PBXBuildFile; fileRef = A89B45FA2C8DCEA000250052 /* DeveloperPreview.swift */; };
		A89B45FF2C8DD55A00250052 /* ExploreService.swift in Sources */ = {isa = PBXBuildFile; fileRef = A89B45FE2C8DD55A00250052 /* ExploreService.swift */; };
		A89B46022C8DD61000250052 /* ExploreVIew.swift in Sources */ = {isa = PBXBuildFile; fileRef = A89B46012C8DD61000250052 /* ExploreVIew.swift */; };
		A89B46042C8DD65500250052 /* ExploreViewModel.swift in Sources */ = {isa = PBXBuildFile; fileRef = A89B46032C8DD65500250052 /* ExploreViewModel.swift */; };
		A89B46072C8DE0C700250052 /* ListingImageCarouselView.swift in Sources */ = {isa = PBXBuildFile; fileRef = A89B46062C8DE0C700250052 /* ListingImageCarouselView.swift */; };
		A89B460C2C8DEA8900250052 /* ListingDetailView.swift in Sources */ = {isa = PBXBuildFile; fileRef = A89B460B2C8DEA8900250052 /* ListingDetailView.swift */; };
		A89B460E2C8E402700250052 /* SearchAndFilterBar.swift in Sources */ = {isa = PBXBuildFile; fileRef = A89B460D2C8E402700250052 /* SearchAndFilterBar.swift */; };
		A89B46102C8E480F00250052 /* FiltersView.swift in Sources */ = {isa = PBXBuildFile; fileRef = A89B460F2C8E480F00250052 /* FiltersView.swift */; };
		A89B46122C8E4F7200250052 /* CollapsedFilterView.swift in Sources */ = {isa = PBXBuildFile; fileRef = A89B46112C8E4F7200250052 /* CollapsedFilterView.swift */; };
		A89B461A2C8E6F5C00250052 /* FilterViewModifier.swift in Sources */ = {isa = PBXBuildFile; fileRef = A89B46192C8E6F5C00250052 /* FilterViewModifier.swift */; };
/* End PBXBuildFile section */

/* Begin PBXFileReference section */
		A86814002C8DB54600931A9D /* AirBnB.app */ = {isa = PBXFileReference; explicitFileType = wrapper.application; includeInIndex = 0; path = AirBnB.app; sourceTree = BUILT_PRODUCTS_DIR; };
		A86814032C8DB54600931A9D /* AirBnBApp.swift */ = {isa = PBXFileReference; lastKnownFileType = sourcecode.swift; path = AirBnBApp.swift; sourceTree = "<group>"; };
		A86814052C8DB54600931A9D /* MainTabView.swift */ = {isa = PBXFileReference; lastKnownFileType = sourcecode.swift; path = MainTabView.swift; sourceTree = "<group>"; };
		A86814072C8DB54700931A9D /* Assets.xcassets */ = {isa = PBXFileReference; lastKnownFileType = folder.assetcatalog; path = Assets.xcassets; sourceTree = "<group>"; };
		A868140A2C8DB54700931A9D /* Preview Assets.xcassets */ = {isa = PBXFileReference; lastKnownFileType = folder.assetcatalog; path = "Preview Assets.xcassets"; sourceTree = "<group>"; };
		A8833B6E2C90C63900AC7101 /* GoogleService-Info.plist */ = {isa = PBXFileReference; fileEncoding = 4; lastKnownFileType = text.plist.xml; path = "GoogleService-Info.plist"; sourceTree = "<group>"; };
		A8833B732C90C90600AC7101 /* UsersModel.swift */ = {isa = PBXFileReference; lastKnownFileType = sourcecode.swift; path = UsersModel.swift; sourceTree = "<group>"; };
		A8833B792C90CA1100AC7101 /* ProfileView.swift */ = {isa = PBXFileReference; lastKnownFileType = sourcecode.swift; path = ProfileView.swift; sourceTree = "<group>"; };
		A8833B7B2C90CEC700AC7101 /* AuthViewModel.swift */ = {isa = PBXFileReference; lastKnownFileType = sourcecode.swift; path = AuthViewModel.swift; sourceTree = "<group>"; };
		A8833B7D2C90DA4C00AC7101 /* LoginView.swift */ = {isa = PBXFileReference; lastKnownFileType = sourcecode.swift; path = LoginView.swift; sourceTree = "<group>"; };
		A8833B7F2C90DA5400AC7101 /* SignUpView.swift */ = {isa = PBXFileReference; lastKnownFileType = sourcecode.swift; path = SignUpView.swift; sourceTree = "<group>"; };
		A89B45F82C8DB8C100250052 /* ListingsModel.swift */ = {isa = PBXFileReference; lastKnownFileType = sourcecode.swift; path = ListingsModel.swift; sourceTree = "<group>"; };
		A89B45FA2C8DCEA000250052 /* DeveloperPreview.swift */ = {isa = PBXFileReference; lastKnownFileType = sourcecode.swift; path = DeveloperPreview.swift; sourceTree = "<group>"; };
		A89B45FE2C8DD55A00250052 /* ExploreService.swift */ = {isa = PBXFileReference; lastKnownFileType = sourcecode.swift; path = ExploreService.swift; sourceTree = "<group>"; };
		A89B46012C8DD61000250052 /* ExploreVIew.swift */ = {isa = PBXFileReference; lastKnownFileType = sourcecode.swift; path = ExploreVIew.swift; sourceTree = "<group>"; };
		A89B46032C8DD65500250052 /* ExploreViewModel.swift */ = {isa = PBXFileReference; lastKnownFileType = sourcecode.swift; path = ExploreViewModel.swift; sourceTree = "<group>"; };
		A89B46062C8DE0C700250052 /* ListingImageCarouselView.swift */ = {isa = PBXFileReference; lastKnownFileType = sourcecode.swift; path = ListingImageCarouselView.swift; sourceTree = "<group>"; };
		A89B460B2C8DEA8900250052 /* ListingDetailView.swift */ = {isa = PBXFileReference; lastKnownFileType = sourcecode.swift; path = ListingDetailView.swift; sourceTree = "<group>"; };
		A89B460D2C8E402700250052 /* SearchAndFilterBar.swift */ = {isa = PBXFileReference; lastKnownFileType = sourcecode.swift; path = SearchAndFilterBar.swift; sourceTree = "<group>"; };
		A89B460F2C8E480F00250052 /* FiltersView.swift */ = {isa = PBXFileReference; lastKnownFileType = sourcecode.swift; path = FiltersView.swift; sourceTree = "<group>"; };
		A89B46112C8E4F7200250052 /* CollapsedFilterView.swift */ = {isa = PBXFileReference; lastKnownFileType = sourcecode.swift; path = CollapsedFilterView.swift; sourceTree = "<group>"; };
		A89B46192C8E6F5C00250052 /* FilterViewModifier.swift */ = {isa = PBXFileReference; lastKnownFileType = sourcecode.swift; path = FilterViewModifier.swift; sourceTree = "<group>"; };
/* End PBXFileReference section */

/* Begin PBXFrameworksBuildPhase section */
		A86813FD2C8DB54600931A9D /* Frameworks */ = {
			isa = PBXFrameworksBuildPhase;
			buildActionMask = 2147483647;
			files = (
				A8833B722C90C71F00AC7101 /* FirebaseAuth in Frameworks */,
			);
			runOnlyForDeploymentPostprocessing = 0;
		};
/* End PBXFrameworksBuildPhase section */

/* Begin PBXGroup section */
		A86813F72C8DB54600931A9D = {
			isa = PBXGroup;
			children = (
				A86814022C8DB54600931A9D /* AirBnB */,
				A86814012C8DB54600931A9D /* Products */,
			);
			sourceTree = "<group>";
		};
		A86814012C8DB54600931A9D /* Products */ = {
			isa = PBXGroup;
			children = (
				A86814002C8DB54600931A9D /* AirBnB.app */,
			);
			name = Products;
			sourceTree = "<group>";
		};
		A86814022C8DB54600931A9D /* AirBnB */ = {
			isa = PBXGroup;
			children = (
				A89B45F62C8DB66300250052 /* App */,
				A89B46052C8DE0A300250052 /* Components */,
				A89B45F22C8DB62400250052 /* Core */,
				A89B45F12C8DB61000250052 /* Extension */,
				A89B45F72C8DB7AA00250052 /* Models */,
				A86814072C8DB54700931A9D /* Assets.xcassets */,
				A8833B6E2C90C63900AC7101 /* GoogleService-Info.plist */,
				A86814092C8DB54700931A9D /* Preview Content */,
			);
			path = AirBnB;
			sourceTree = "<group>";
		};
		A86814092C8DB54700931A9D /* Preview Content */ = {
			isa = PBXGroup;
			children = (
				A868140A2C8DB54700931A9D /* Preview Assets.xcassets */,
			);
			path = "Preview Content";
			sourceTree = "<group>";
		};
		A8833B752C90C9DD00AC7101 /* Auth */ = {
			isa = PBXGroup;
			children = (
				A8833B772C90C9ED00AC7101 /* Views */,
				A8833B782C90C9F300AC7101 /* ViewModels */,
				A8833B762C90C9E800AC7101 /* Services */,
			);
			path = Auth;
			sourceTree = "<group>";
		};
		A8833B762C90C9E800AC7101 /* Services */ = {
			isa = PBXGroup;
			children = (
			);
			path = Services;
			sourceTree = "<group>";
		};
		A8833B772C90C9ED00AC7101 /* Views */ = {
			isa = PBXGroup;
			children = (
				A8833B792C90CA1100AC7101 /* ProfileView.swift */,
				A8833B7D2C90DA4C00AC7101 /* LoginView.swift */,
				A8833B7F2C90DA5400AC7101 /* SignUpView.swift */,
			);
			path = Views;
			sourceTree = "<group>";
		};
		A8833B782C90C9F300AC7101 /* ViewModels */ = {
			isa = PBXGroup;
			children = (
				A8833B7B2C90CEC700AC7101 /* AuthViewModel.swift */,
			);
			path = ViewModels;
			sourceTree = "<group>";
		};
		A89B45F12C8DB61000250052 /* Extension */ = {
			isa = PBXGroup;
			children = (
				A89B45FA2C8DCEA000250052 /* DeveloperPreview.swift */,
				A89B46192C8E6F5C00250052 /* FilterViewModifier.swift */,
			);
			path = Extension;
			sourceTree = "<group>";
		};
		A89B45F22C8DB62400250052 /* Core */ = {
			isa = PBXGroup;
			children = (
				A8833B752C90C9DD00AC7101 /* Auth */,
				A89B46002C8DD5E700250052 /* ExploreView */,
				A89B46082C8DEA3A00250052 /* ListingDetail */,
			);
			path = Core;
			sourceTree = "<group>";
		};
		A89B45F32C8DB62A00250052 /* View */ = {
			isa = PBXGroup;
			children = (
				A89B46012C8DD61000250052 /* ExploreVIew.swift */,
				A89B460F2C8E480F00250052 /* FiltersView.swift */,
			);
			path = View;
			sourceTree = "<group>";
		};
		A89B45F42C8DB63100250052 /* ViewModel */ = {
			isa = PBXGroup;
			children = (
				A89B46032C8DD65500250052 /* ExploreViewModel.swift */,
			);
			path = ViewModel;
			sourceTree = "<group>";
		};
		A89B45F52C8DB63800250052 /* Service */ = {
			isa = PBXGroup;
			children = (
				A89B45FE2C8DD55A00250052 /* ExploreService.swift */,
			);
			path = Service;
			sourceTree = "<group>";
		};
		A89B45F62C8DB66300250052 /* App */ = {
			isa = PBXGroup;
			children = (
				A86814032C8DB54600931A9D /* AirBnBApp.swift */,
				A86814052C8DB54600931A9D /* MainTabView.swift */,
			);
			path = App;
			sourceTree = "<group>";
		};
		A89B45F72C8DB7AA00250052 /* Models */ = {
			isa = PBXGroup;
			children = (
				A89B45F82C8DB8C100250052 /* ListingsModel.swift */,
				A8833B732C90C90600AC7101 /* UsersModel.swift */,
			);
			path = Models;
			sourceTree = "<group>";
		};
		A89B46002C8DD5E700250052 /* ExploreView */ = {
			isa = PBXGroup;
			children = (
				A89B45F52C8DB63800250052 /* Service */,
				A89B45F42C8DB63100250052 /* ViewModel */,
				A89B45F32C8DB62A00250052 /* View */,
			);
			path = ExploreView;
			sourceTree = "<group>";
		};
		A89B46052C8DE0A300250052 /* Components */ = {
			isa = PBXGroup;
			children = (
				A89B46062C8DE0C700250052 /* ListingImageCarouselView.swift */,
				A89B460D2C8E402700250052 /* SearchAndFilterBar.swift */,
				A89B46112C8E4F7200250052 /* CollapsedFilterView.swift */,
			);
			path = Components;
			sourceTree = "<group>";
		};
		A89B46082C8DEA3A00250052 /* ListingDetail */ = {
			isa = PBXGroup;
			children = (
				A89B460B2C8DEA8900250052 /* ListingDetailView.swift */,
			);
			path = ListingDetail;
			sourceTree = "<group>";
		};
/* End PBXGroup section */

/* Begin PBXNativeTarget section */
		A86813FF2C8DB54600931A9D /* AirBnB */ = {
			isa = PBXNativeTarget;
			buildConfigurationList = A868140E2C8DB54700931A9D /* Build configuration list for PBXNativeTarget "AirBnB" */;
			buildPhases = (
				A86813FC2C8DB54600931A9D /* Sources */,
				A86813FD2C8DB54600931A9D /* Frameworks */,
				A86813FE2C8DB54600931A9D /* Resources */,
			);
			buildRules = (
			);
			dependencies = (
			);
			name = AirBnB;
			packageProductDependencies = (
				A8833B712C90C71F00AC7101 /* FirebaseAuth */,
			);
			productName = AirBnB;
			productReference = A86814002C8DB54600931A9D /* AirBnB.app */;
			productType = "com.apple.product-type.application";
		};
/* End PBXNativeTarget section */

/* Begin PBXProject section */
		A86813F82C8DB54600931A9D /* Project object */ = {
			isa = PBXProject;
			attributes = {
				BuildIndependentTargetsInParallel = 1;
				LastSwiftUpdateCheck = 1540;
				LastUpgradeCheck = 1540;
				TargetAttributes = {
					A86813FF2C8DB54600931A9D = {
						CreatedOnToolsVersion = 15.4;
					};
				};
			};
			buildConfigurationList = A86813FB2C8DB54600931A9D /* Build configuration list for PBXProject "AirBnB" */;
			compatibilityVersion = "Xcode 14.0";
			developmentRegion = en;
			hasScannedForEncodings = 0;
			knownRegions = (
				en,
				Base,
			);
			mainGroup = A86813F72C8DB54600931A9D;
			packageReferences = (
				A8833B702C90C71F00AC7101 /* XCRemoteSwiftPackageReference "firebase-ios-sdk" */,
			);
			productRefGroup = A86814012C8DB54600931A9D /* Products */;
			projectDirPath = "";
			projectRoot = "";
			targets = (
				A86813FF2C8DB54600931A9D /* AirBnB */,
			);
		};
/* End PBXProject section */

/* Begin PBXResourcesBuildPhase section */
		A86813FE2C8DB54600931A9D /* Resources */ = {
			isa = PBXResourcesBuildPhase;
			buildActionMask = 2147483647;
			files = (
				A868140B2C8DB54700931A9D /* Preview Assets.xcassets in Resources */,
				A86814082C8DB54700931A9D /* Assets.xcassets in Resources */,
				A8833B6F2C90C63900AC7101 /* GoogleService-Info.plist in Resources */,
			);
			runOnlyForDeploymentPostprocessing = 0;
		};
/* End PBXResourcesBuildPhase section */

/* Begin PBXSourcesBuildPhase section */
		A86813FC2C8DB54600931A9D /* Sources */ = {
			isa = PBXSourcesBuildPhase;
			buildActionMask = 2147483647;
			files = (
				A89B46122C8E4F7200250052 /* CollapsedFilterView.swift in Sources */,
				A89B461A2C8E6F5C00250052 /* FilterViewModifier.swift in Sources */,
				A89B45FF2C8DD55A00250052 /* ExploreService.swift in Sources */,
				A86814062C8DB54600931A9D /* MainTabView.swift in Sources */,
				A89B45FB2C8DCEA000250052 /* DeveloperPreview.swift in Sources */,
				A89B460E2C8E402700250052 /* SearchAndFilterBar.swift in Sources */,
				A8833B742C90C90600AC7101 /* UsersModel.swift in Sources */,
				A8833B7A2C90CA1100AC7101 /* ProfileView.swift in Sources */,
				A89B46102C8E480F00250052 /* FiltersView.swift in Sources */,
				A89B45F92C8DB8C100250052 /* ListingsModel.swift in Sources */,
				A8833B7E2C90DA4C00AC7101 /* LoginView.swift in Sources */,
				A89B460C2C8DEA8900250052 /* ListingDetailView.swift in Sources */,
				A89B46072C8DE0C700250052 /* ListingImageCarouselView.swift in Sources */,
				A8833B7C2C90CEC700AC7101 /* AuthViewModel.swift in Sources */,
				A89B46022C8DD61000250052 /* ExploreVIew.swift in Sources */,
				A86814042C8DB54600931A9D /* AirBnBApp.swift in Sources */,
				A8833B802C90DA5400AC7101 /* SignUpView.swift in Sources */,
				A89B46042C8DD65500250052 /* ExploreViewModel.swift in Sources */,
			);
			runOnlyForDeploymentPostprocessing = 0;
		};
/* End PBXSourcesBuildPhase section */

/* Begin XCBuildConfiguration section */
		A868140C2C8DB54700931A9D /* Debug */ = {
			isa = XCBuildConfiguration;
			buildSettings = {
				ALWAYS_SEARCH_USER_PATHS = NO;
				ASSETCATALOG_COMPILER_GENERATE_SWIFT_ASSET_SYMBOL_EXTENSIONS = YES;
				CLANG_ANALYZER_NONNULL = YES;
				CLANG_ANALYZER_NUMBER_OBJECT_CONVERSION = YES_AGGRESSIVE;
				CLANG_CXX_LANGUAGE_STANDARD = "gnu++20";
				CLANG_ENABLE_MODULES = YES;
				CLANG_ENABLE_OBJC_ARC = YES;
				CLANG_ENABLE_OBJC_WEAK = YES;
				CLANG_WARN_BLOCK_CAPTURE_AUTORELEASING = YES;
				CLANG_WARN_BOOL_CONVERSION = YES;
				CLANG_WARN_COMMA = YES;
				CLANG_WARN_CONSTANT_CONVERSION = YES;
				CLANG_WARN_DEPRECATED_OBJC_IMPLEMENTATIONS = YES;
				CLANG_WARN_DIRECT_OBJC_ISA_USAGE = YES_ERROR;
				CLANG_WARN_DOCUMENTATION_COMMENTS = YES;
				CLANG_WARN_EMPTY_BODY = YES;
				CLANG_WARN_ENUM_CONVERSION = YES;
				CLANG_WARN_INFINITE_RECURSION = YES;
				CLANG_WARN_INT_CONVERSION = YES;
				CLANG_WARN_NON_LITERAL_NULL_CONVERSION = YES;
				CLANG_WARN_OBJC_IMPLICIT_RETAIN_SELF = YES;
				CLANG_WARN_OBJC_LITERAL_CONVERSION = YES;
				CLANG_WARN_OBJC_ROOT_CLASS = YES_ERROR;
				CLANG_WARN_QUOTED_INCLUDE_IN_FRAMEWORK_HEADER = YES;
				CLANG_WARN_RANGE_LOOP_ANALYSIS = YES;
				CLANG_WARN_STRICT_PROTOTYPES = YES;
				CLANG_WARN_SUSPICIOUS_MOVE = YES;
				CLANG_WARN_UNGUARDED_AVAILABILITY = YES_AGGRESSIVE;
				CLANG_WARN_UNREACHABLE_CODE = YES;
				CLANG_WARN__DUPLICATE_METHOD_MATCH = YES;
				COPY_PHASE_STRIP = NO;
				DEBUG_INFORMATION_FORMAT = dwarf;
				ENABLE_STRICT_OBJC_MSGSEND = YES;
				ENABLE_TESTABILITY = YES;
				ENABLE_USER_SCRIPT_SANDBOXING = YES;
				GCC_C_LANGUAGE_STANDARD = gnu17;
				GCC_DYNAMIC_NO_PIC = NO;
				GCC_NO_COMMON_BLOCKS = YES;
				GCC_OPTIMIZATION_LEVEL = 0;
				GCC_PREPROCESSOR_DEFINITIONS = (
					"DEBUG=1",
					"$(inherited)",
				);
				GCC_WARN_64_TO_32_BIT_CONVERSION = YES;
				GCC_WARN_ABOUT_RETURN_TYPE = YES_ERROR;
				GCC_WARN_UNDECLARED_SELECTOR = YES;
				GCC_WARN_UNINITIALIZED_AUTOS = YES_AGGRESSIVE;
				GCC_WARN_UNUSED_FUNCTION = YES;
				GCC_WARN_UNUSED_VARIABLE = YES;
				IPHONEOS_DEPLOYMENT_TARGET = 17.5;
				LOCALIZATION_PREFERS_STRING_CATALOGS = YES;
				MTL_ENABLE_DEBUG_INFO = INCLUDE_SOURCE;
				MTL_FAST_MATH = YES;
				ONLY_ACTIVE_ARCH = YES;
				SDKROOT = iphoneos;
				SWIFT_ACTIVE_COMPILATION_CONDITIONS = "DEBUG $(inherited)";
				SWIFT_OPTIMIZATION_LEVEL = "-Onone";
			};
			name = Debug;
		};
		A868140D2C8DB54700931A9D /* Release */ = {
			isa = XCBuildConfiguration;
			buildSettings = {
				ALWAYS_SEARCH_USER_PATHS = NO;
				ASSETCATALOG_COMPILER_GENERATE_SWIFT_ASSET_SYMBOL_EXTENSIONS = YES;
				CLANG_ANALYZER_NONNULL = YES;
				CLANG_ANALYZER_NUMBER_OBJECT_CONVERSION = YES_AGGRESSIVE;
				CLANG_CXX_LANGUAGE_STANDARD = "gnu++20";
				CLANG_ENABLE_MODULES = YES;
				CLANG_ENABLE_OBJC_ARC = YES;
				CLANG_ENABLE_OBJC_WEAK = YES;
				CLANG_WARN_BLOCK_CAPTURE_AUTORELEASING = YES;
				CLANG_WARN_BOOL_CONVERSION = YES;
				CLANG_WARN_COMMA = YES;
				CLANG_WARN_CONSTANT_CONVERSION = YES;
				CLANG_WARN_DEPRECATED_OBJC_IMPLEMENTATIONS = YES;
				CLANG_WARN_DIRECT_OBJC_ISA_USAGE = YES_ERROR;
				CLANG_WARN_DOCUMENTATION_COMMENTS = YES;
				CLANG_WARN_EMPTY_BODY = YES;
				CLANG_WARN_ENUM_CONVERSION = YES;
				CLANG_WARN_INFINITE_RECURSION = YES;
				CLANG_WARN_INT_CONVERSION = YES;
				CLANG_WARN_NON_LITERAL_NULL_CONVERSION = YES;
				CLANG_WARN_OBJC_IMPLICIT_RETAIN_SELF = YES;
				CLANG_WARN_OBJC_LITERAL_CONVERSION = YES;
				CLANG_WARN_OBJC_ROOT_CLASS = YES_ERROR;
				CLANG_WARN_QUOTED_INCLUDE_IN_FRAMEWORK_HEADER = YES;
				CLANG_WARN_RANGE_LOOP_ANALYSIS = YES;
				CLANG_WARN_STRICT_PROTOTYPES = YES;
				CLANG_WARN_SUSPICIOUS_MOVE = YES;
				CLANG_WARN_UNGUARDED_AVAILABILITY = YES_AGGRESSIVE;
				CLANG_WARN_UNREACHABLE_CODE = YES;
				CLANG_WARN__DUPLICATE_METHOD_MATCH = YES;
				COPY_PHASE_STRIP = NO;
				DEBUG_INFORMATION_FORMAT = "dwarf-with-dsym";
				ENABLE_NS_ASSERTIONS = NO;
				ENABLE_STRICT_OBJC_MSGSEND = YES;
				ENABLE_USER_SCRIPT_SANDBOXING = YES;
				GCC_C_LANGUAGE_STANDARD = gnu17;
				GCC_NO_COMMON_BLOCKS = YES;
				GCC_WARN_64_TO_32_BIT_CONVERSION = YES;
				GCC_WARN_ABOUT_RETURN_TYPE = YES_ERROR;
				GCC_WARN_UNDECLARED_SELECTOR = YES;
				GCC_WARN_UNINITIALIZED_AUTOS = YES_AGGRESSIVE;
				GCC_WARN_UNUSED_FUNCTION = YES;
				GCC_WARN_UNUSED_VARIABLE = YES;
				IPHONEOS_DEPLOYMENT_TARGET = 17.5;
				LOCALIZATION_PREFERS_STRING_CATALOGS = YES;
				MTL_ENABLE_DEBUG_INFO = NO;
				MTL_FAST_MATH = YES;
				SDKROOT = iphoneos;
				SWIFT_COMPILATION_MODE = wholemodule;
				VALIDATE_PRODUCT = YES;
			};
			name = Release;
		};
		A868140F2C8DB54700931A9D /* Debug */ = {
			isa = XCBuildConfiguration;
			buildSettings = {
				ASSETCATALOG_COMPILER_APPICON_NAME = AppIcon;
				ASSETCATALOG_COMPILER_GLOBAL_ACCENT_COLOR_NAME = AccentColor;
				CODE_SIGN_STYLE = Automatic;
				CURRENT_PROJECT_VERSION = 1;
				DEVELOPMENT_ASSET_PATHS = "\"AirBnB/Preview Content\"";
				ENABLE_PREVIEWS = YES;
				GENERATE_INFOPLIST_FILE = YES;
				INFOPLIST_KEY_UIApplicationSceneManifest_Generation = YES;
				INFOPLIST_KEY_UIApplicationSupportsIndirectInputEvents = YES;
				INFOPLIST_KEY_UILaunchScreen_Generation = YES;
				INFOPLIST_KEY_UISupportedInterfaceOrientations_iPad = "UIInterfaceOrientationPortrait UIInterfaceOrientationPortraitUpsideDown UIInterfaceOrientationLandscapeLeft UIInterfaceOrientationLandscapeRight";
				INFOPLIST_KEY_UISupportedInterfaceOrientations_iPhone = "UIInterfaceOrientationPortrait UIInterfaceOrientationLandscapeLeft UIInterfaceOrientationLandscapeRight";
				LD_RUNPATH_SEARCH_PATHS = (
					"$(inherited)",
					"@executable_path/Frameworks",
				);
				MARKETING_VERSION = 1.0;
				PRODUCT_BUNDLE_IDENTIFIER = ujjwal.AirBnB;
				PRODUCT_NAME = "$(TARGET_NAME)";
				SWIFT_EMIT_LOC_STRINGS = YES;
				SWIFT_VERSION = 5.0;
				TARGETED_DEVICE_FAMILY = "1,2";
			};
			name = Debug;
		};
		A86814102C8DB54700931A9D /* Release */ = {
			isa = XCBuildConfiguration;
			buildSettings = {
				ASSETCATALOG_COMPILER_APPICON_NAME = AppIcon;
				ASSETCATALOG_COMPILER_GLOBAL_ACCENT_COLOR_NAME = AccentColor;
				CODE_SIGN_STYLE = Automatic;
				CURRENT_PROJECT_VERSION = 1;
				DEVELOPMENT_ASSET_PATHS = "\"AirBnB/Preview Content\"";
				ENABLE_PREVIEWS = YES;
				GENERATE_INFOPLIST_FILE = YES;
				INFOPLIST_KEY_UIApplicationSceneManifest_Generation = YES;
				INFOPLIST_KEY_UIApplicationSupportsIndirectInputEvents = YES;
				INFOPLIST_KEY_UILaunchScreen_Generation = YES;
				INFOPLIST_KEY_UISupportedInterfaceOrientations_iPad = "UIInterfaceOrientationPortrait UIInterfaceOrientationPortraitUpsideDown UIInterfaceOrientationLandscapeLeft UIInterfaceOrientationLandscapeRight";
				INFOPLIST_KEY_UISupportedInterfaceOrientations_iPhone = "UIInterfaceOrientationPortrait UIInterfaceOrientationLandscapeLeft UIInterfaceOrientationLandscapeRight";
				LD_RUNPATH_SEARCH_PATHS = (
					"$(inherited)",
					"@executable_path/Frameworks",
				);
				MARKETING_VERSION = 1.0;
				PRODUCT_BUNDLE_IDENTIFIER = ujjwal.AirBnB;
				PRODUCT_NAME = "$(TARGET_NAME)";
				SWIFT_EMIT_LOC_STRINGS = YES;
				SWIFT_VERSION = 5.0;
				TARGETED_DEVICE_FAMILY = "1,2";
			};
			name = Release;
		};
/* End XCBuildConfiguration section */

/* Begin XCConfigurationList section */
		A86813FB2C8DB54600931A9D /* Build configuration list for PBXProject "AirBnB" */ = {
			isa = XCConfigurationList;
			buildConfigurations = (
				A868140C2C8DB54700931A9D /* Debug */,
				A868140D2C8DB54700931A9D /* Release */,
			);
			defaultConfigurationIsVisible = 0;
			defaultConfigurationName = Release;
		};
		A868140E2C8DB54700931A9D /* Build configuration list for PBXNativeTarget "AirBnB" */ = {
			isa = XCConfigurationList;
			buildConfigurations = (
				A868140F2C8DB54700931A9D /* Debug */,
				A86814102C8DB54700931A9D /* Release */,
			);
			defaultConfigurationIsVisible = 0;
			defaultConfigurationName = Release;
		};
/* End XCConfigurationList section */

/* Begin XCRemoteSwiftPackageReference section */
		A8833B702C90C71F00AC7101 /* XCRemoteSwiftPackageReference "firebase-ios-sdk" */ = {
			isa = XCRemoteSwiftPackageReference;
			repositoryURL = "https://github.com/firebase/firebase-ios-sdk.git";
			requirement = {
				kind = upToNextMajorVersion;
				minimumVersion = 11.2.0;
			};
		};
/* End XCRemoteSwiftPackageReference section */

/* Begin XCSwiftPackageProductDependency section */
		A8833B712C90C71F00AC7101 /* FirebaseAuth */ = {
			isa = XCSwiftPackageProductDependency;
			package = A8833B702C90C71F00AC7101 /* XCRemoteSwiftPackageReference "firebase-ios-sdk" */;
			productName = FirebaseAuth;
		};
/* End XCSwiftPackageProductDependency section */
	};
	rootObject = A86813F82C8DB54600931A9D /* Project object */;
}
